
Microsoft Visual Studio Solution File, Format Version 12.00
# Visual Studio Version 17
VisualStudioVersion = 17.9.34616.47
MinimumVisualStudioVersion = 10.0.40219.1
Project("{9A19103F-16F7-4668-BE54-9A1E7A4F7556}") = "INTEX_II_Group_4-3", "INTEX_II_Group_4-3\INTEX_II_Group_4-3.csproj", "{79F0DA69-1296-4993-9E80-6A212C75333D}"
EndProject
Global
	GlobalSection(SolutionConfigurationPlatforms) = preSolution
		Debug|Any CPU = Debug|Any CPU
		Release|Any CPU = Release|Any CPU
	EndGlobalSection
	GlobalSection(ProjectConfigurationPlatforms) = postSolution
		{79F0DA69-1296-4993-9E80-6A212C75333D}.Debug|Any CPU.ActiveCfg = Debug|Any CPU
		{79F0DA69-1296-4993-9E80-6A212C75333D}.Debug|Any CPU.Build.0 = Debug|Any CPU
		{79F0DA69-1296-4993-9E80-6A212C75333D}.Release|Any CPU.ActiveCfg = Release|Any CPU
		{79F0DA69-1296-4993-9E80-6A212C75333D}.Release|Any CPU.Build.0 = Release|Any CPU
	EndGlobalSection
	GlobalSection(SolutionProperties) = preSolution
		HideSolutionNode = FALSE
	EndGlobalSection
	GlobalSection(ExtensibilityGlobals) = postSolution
		SolutionGuid = {583C61EF-DD82-4765-8BF4-50ED34A5D58C}
	EndGlobalSection
EndGlobal
